
Microsoft Visual Studio Solution File, Format Version 12.00
# Visual Studio Version 17
VisualStudioVersion = 17.6.33723.286
MinimumVisualStudioVersion = 10.0.40219.1
Project("{FAE04EC0-301F-11D3-BF4B-00C04F79EFBC}") = "CSB310_AlternativeLanguageProject", "CSB310_AlternativeLanguageProject.csproj", "{BCFB5403-2776-49A0-91BA-6C3CF926C4DF}"
EndProject
Global
	GlobalSection(SolutionConfigurationPlatforms) = preSolution
		Debug|Any CPU = Debug|Any CPU
		Release|Any CPU = Release|Any CPU
	EndGlobalSection
	GlobalSection(ProjectConfigurationPlatforms) = postSolution
		{BCFB5403-2776-49A0-91BA-6C3CF926C4DF}.Debug|Any CPU.ActiveCfg = Debug|Any CPU
		{BCFB5403-2776-49A0-91BA-6C3CF926C4DF}.Debug|Any CPU.Build.0 = Debug|Any CPU
		{BCFB5403-2776-49A0-91BA-6C3CF926C4DF}.Release|Any CPU.ActiveCfg = Release|Any CPU
		{BCFB5403-2776-49A0-91BA-6C3CF926C4DF}.Release|Any CPU.Build.0 = Release|Any CPU
	EndGlobalSection
	GlobalSection(SolutionProperties) = preSolution
		HideSolutionNode = FALSE
	EndGlobalSection
	GlobalSection(ExtensibilityGlobals) = postSolution
		SolutionGuid = {BEA80B40-D5B8-4643-857F-995186360BA2}
	EndGlobalSection
EndGlobal
